
Microsoft Visual Studio Solution File, Format Version 12.00
# Visual Studio Version 17
VisualStudioVersion = 17.0.31903.59
MinimumVisualStudioVersion = 10.0.40219.1
Project("{FAE04EC0-301F-11D3-BF4B-00C04F79EFBC}") = "Marcos-Sport-Store", "Marcos-Sport-Store.csproj", "{E9145C25-03CC-4D5D-B232-696CDDAC70CD}"
EndProject
Global
	GlobalSection(SolutionConfigurationPlatforms) = preSolution
		Debug|Any CPU = Debug|Any CPU
		Release|Any CPU = Release|Any CPU
	EndGlobalSection
	GlobalSection(ProjectConfigurationPlatforms) = postSolution
		{E9145C25-03CC-4D5D-B232-696CDDAC70CD}.Debug|Any CPU.ActiveCfg = Debug|Any CPU
		{E9145C25-03CC-4D5D-B232-696CDDAC70CD}.Debug|Any CPU.Build.0 = Debug|Any CPU
		{E9145C25-03CC-4D5D-B232-696CDDAC70CD}.Release|Any CPU.ActiveCfg = Release|Any CPU
		{E9145C25-03CC-4D5D-B232-696CDDAC70CD}.Release|Any CPU.Build.0 = Release|Any CPU
	EndGlobalSection
	GlobalSection(SolutionProperties) = preSolution
		HideSolutionNode = FALSE
	EndGlobalSection
	GlobalSection(ExtensibilityGlobals) = postSolution
		SolutionGuid = {C241278C-0D0C-4BE4-A00D-FC3FDD01BDA6}
	EndGlobalSection
EndGlobal
